{
  "name": "front-end",
  "version": "1.0.0",
  "lockfileVersion": 2,
  "requires": true,
  "packages": {
    "": {
      "name": "front-end",
      "version": "1.0.0",
      "license": "ISC",
      "dependencies": {
        "graphology": "^0.23.2",
        "sigma": "^1.2.1"
      }
    },
    "node_modules/events": {
      "version": "3.3.0",
      "resolved": "https://registry.npmjs.org/events/-/events-3.3.0.tgz",
      "integrity": "sha512-mQw+2fkQbALzQ7V0MY0IqdnXNOeTtP4r0lN9z7AAawCXgqea7bDii20AYrIBrFd/Hx0M2Ocz6S111CaFkUcb0Q==",
      "engines": {
        "node": ">=0.8.x"
      }
    },
    "node_modules/graphology": {
      "version": "0.23.2",
      "resolved": "https://registry.npmjs.org/graphology/-/graphology-0.23.2.tgz",
      "integrity": "sha512-RHcLpAP4M+KPShLQEvgkT1Y4vxl+FFbmmy3D0mupO+VXIuYC8zdmMcHs40D9m3mmN067zGS+lUaHjDq06Td7PQ==",
      "dependencies": {
        "events": "^3.3.0",
        "obliterator": "^2.0.0"
      },
      "peerDependencies": {
        "graphology-types": ">=0.23.0"
      }
    },
    "node_modules/graphology-types": {
      "version": "0.23.0",
      "resolved": "https://registry.npmjs.org/graphology-types/-/graphology-types-0.23.0.tgz",
      "integrity": "sha512-6Je1NWU3el7YmybAhRzrOEi79Blhx05EU3wGUCvP5ikaxRXEflrW/5unfw5q/wqfwjryM9tcwUv4M7TZ8yTBYQ==",
      "peer": true
    },
    "node_modules/obliterator": {
      "version": "2.0.1",
      "resolved": "https://registry.npmjs.org/obliterator/-/obliterator-2.0.1.tgz",
      "integrity": "sha512-XnkiCrrBcIZQitJPAI36mrrpEUvatbte8hLcTcQwKA1v9NkCKasSi+UAguLsLDs/out7MoRzAlmz7VXvY6ph6w=="
    },
    "node_modules/sigma": {
      "version": "1.2.1",
      "resolved": "https://registry.npmjs.org/sigma/-/sigma-1.2.1.tgz",
      "integrity": "sha512-9Z0m1pssXv6sndPMvOzXnM1mVO73YCWDE6X5bKxJyG+9J0B9zJkgtgoBM7cnxEaJMzmrbxPceKTVpwF7cS/xqA==",
      "license": "MIT"
    }
  },
  "dependencies": {
    "events": {
      "version": "3.3.0",
      "resolved": "https://registry.npmjs.org/events/-/events-3.3.0.tgz",
      "integrity": "sha512-mQw+2fkQbALzQ7V0MY0IqdnXNOeTtP4r0lN9z7AAawCXgqea7bDii20AYrIBrFd/Hx0M2Ocz6S111CaFkUcb0Q=="
    },
    "graphology": {
      "version": "0.23.2",
      "resolved": "https://registry.npmjs.org/graphology/-/graphology-0.23.2.tgz",
      "integrity": "sha512-RHcLpAP4M+KPShLQEvgkT1Y4vxl+FFbmmy3D0mupO+VXIuYC8zdmMcHs40D9m3mmN067zGS+lUaHjDq06Td7PQ==",
      "requires": {
        "events": "^3.3.0",
        "obliterator": "^2.0.0"
      }
    },
    "graphology-types": {
      "version": "0.23.0",
      "resolved": "https://registry.npmjs.org/graphology-types/-/graphology-types-0.23.0.tgz",
      "integrity": "sha512-6Je1NWU3el7YmybAhRzrOEi79Blhx05EU3wGUCvP5ikaxRXEflrW/5unfw5q/wqfwjryM9tcwUv4M7TZ8yTBYQ==",
      "peer": true
    },
    "obliterator": {
      "version": "2.0.1",
      "resolved": "https://registry.npmjs.org/obliterator/-/obliterator-2.0.1.tgz",
      "integrity": "sha512-XnkiCrrBcIZQitJPAI36mrrpEUvatbte8hLcTcQwKA1v9NkCKasSi+UAguLsLDs/out7MoRzAlmz7VXvY6ph6w=="
    },
    "sigma": {
      "version": "1.2.1",
      "resolved": "https://registry.npmjs.org/sigma/-/sigma-1.2.1.tgz",
      "integrity": "sha512-9Z0m1pssXv6sndPMvOzXnM1mVO73YCWDE6X5bKxJyG+9J0B9zJkgtgoBM7cnxEaJMzmrbxPceKTVpwF7cS/xqA=="
    }
  }
}
